
Microsoft Visual Studio Solution File, Format Version 12.00
# Visual Studio Version 17
VisualStudioVersion = 17.7.34031.279
MinimumVisualStudioVersion = 10.0.40219.1
Project("{FAE04EC0-301F-11D3-BF4B-00C04F79EFBC}") = "AgencyMVC", "AgencyMVC\AgencyMVC.csproj", "{2D8E3DFB-05C7-480A-9FAE-0BEB910F2531}"
EndProject
Project("{FAE04EC0-301F-11D3-BF4B-00C04F79EFBC}") = "AgencyMVC.Core", "AgencyMVC.Core\AgencyMVC.Core.csproj", "{82406B03-2F60-4659-B2FC-16097773BE8E}"
EndProject
Project("{FAE04EC0-301F-11D3-BF4B-00C04F79EFBC}") = "AgencyMVC.Data", "AgencyMVC.Data\AgencyMVC.Data.csproj", "{6C013D9C-1BBD-455E-89CE-078DBBE8B2F0}"
EndProject
Project("{FAE04EC0-301F-11D3-BF4B-00C04F79EFBC}") = "AgencyMVC.Business", "AgencyMVC.Business\AgencyMVC.Business.csproj", "{909AB106-6465-485C-906C-DF8FF37F6E0B}"
EndProject
Global
	GlobalSection(SolutionConfigurationPlatforms) = preSolution
		Debug|Any CPU = Debug|Any CPU
		Release|Any CPU = Release|Any CPU
	EndGlobalSection
	GlobalSection(ProjectConfigurationPlatforms) = postSolution
		{2D8E3DFB-05C7-480A-9FAE-0BEB910F2531}.Debug|Any CPU.ActiveCfg = Debug|Any CPU
		{2D8E3DFB-05C7-480A-9FAE-0BEB910F2531}.Debug|Any CPU.Build.0 = Debug|Any CPU
		{2D8E3DFB-05C7-480A-9FAE-0BEB910F2531}.Release|Any CPU.ActiveCfg = Release|Any CPU
		{2D8E3DFB-05C7-480A-9FAE-0BEB910F2531}.Release|Any CPU.Build.0 = Release|Any CPU
		{82406B03-2F60-4659-B2FC-16097773BE8E}.Debug|Any CPU.ActiveCfg = Debug|Any CPU
		{82406B03-2F60-4659-B2FC-16097773BE8E}.Debug|Any CPU.Build.0 = Debug|Any CPU
		{82406B03-2F60-4659-B2FC-16097773BE8E}.Release|Any CPU.ActiveCfg = Release|Any CPU
		{82406B03-2F60-4659-B2FC-16097773BE8E}.Release|Any CPU.Build.0 = Release|Any CPU
		{6C013D9C-1BBD-455E-89CE-078DBBE8B2F0}.Debug|Any CPU.ActiveCfg = Debug|Any CPU
		{6C013D9C-1BBD-455E-89CE-078DBBE8B2F0}.Debug|Any CPU.Build.0 = Debug|Any CPU
		{6C013D9C-1BBD-455E-89CE-078DBBE8B2F0}.Release|Any CPU.ActiveCfg = Release|Any CPU
		{6C013D9C-1BBD-455E-89CE-078DBBE8B2F0}.Release|Any CPU.Build.0 = Release|Any CPU
		{909AB106-6465-485C-906C-DF8FF37F6E0B}.Debug|Any CPU.ActiveCfg = Debug|Any CPU
		{909AB106-6465-485C-906C-DF8FF37F6E0B}.Debug|Any CPU.Build.0 = Debug|Any CPU
		{909AB106-6465-485C-906C-DF8FF37F6E0B}.Release|Any CPU.ActiveCfg = Release|Any CPU
		{909AB106-6465-485C-906C-DF8FF37F6E0B}.Release|Any CPU.Build.0 = Release|Any CPU
	EndGlobalSection
	GlobalSection(SolutionProperties) = preSolution
		HideSolutionNode = FALSE
	EndGlobalSection
	GlobalSection(ExtensibilityGlobals) = postSolution
		SolutionGuid = {C7D8C0EC-04D0-4DAE-A0EC-2FEEDFAEBEDF}
	EndGlobalSection
EndGlobal
